{
    "version": 3,
    "terraform_version": "0.8.2",
    "serial": 2,
    "lineage": "b7c5d594-7069-4772-86d0-5c865ed02550",
    "modules": [
        {
            "path": [
                "root"
            ],
            "outputs": {},
            "resources": {
                "aws_db_subnet_group.test_redash": {
                    "type": "aws_db_subnet_group",
                    "depends_on": [
                        "aws_subnet.test_redash"
                    ],
                    "primary": {
                        "id": "test_redash",
                        "attributes": {
                            "arn": "arn:aws:rds:us-east-1:676612114792:subgrp:test_redash",
                            "description": "Managed by Terraform",
                            "id": "test_redash",
                            "name": "test_redash",
                            "subnet_ids.#": "2",
                            "subnet_ids.3176801323": "subnet-ea34348f",
                            "subnet_ids.486609962": "subnet-a7dd79fd",
                            "tags.%": "0"
                        },
                        "meta": {},
                        "tainted": false
                    },
                    "deposed": [],
                    "provider": ""
                },
                "aws_internet_gateway.test_redash": {
                    "type": "aws_internet_gateway",
                    "depends_on": [
                        "aws_vpc.main"
                    ],
                    "primary": {
                        "id": "igw-4fe87a29",
                        "attributes": {
                            "id": "igw-4fe87a29",
                            "tags.%": "1",
                            "tags.Name": "test_vpc_redash_gateway",
                            "vpc_id": "vpc-d75ffeae"
                        },
                        "meta": {},
                        "tainted": false
                    },
                    "deposed": [],
                    "provider": ""
                },
                "aws_route_table.test_redash": {
                    "type": "aws_route_table",
                    "depends_on": [
                        "aws_internet_gateway.test_redash",
                        "aws_vpc.main"
                    ],
                    "primary": {
                        "id": "rtb-2c513254",
                        "attributes": {
                            "id": "rtb-2c513254",
                            "propagating_vgws.#": "0",
                            "route.#": "1",
                            "route.387265078.cidr_block": "0.0.0.0/0",
                            "route.387265078.gateway_id": "igw-4fe87a29",
                            "route.387265078.instance_id": "",
                            "route.387265078.nat_gateway_id": "",
                            "route.387265078.network_interface_id": "",
                            "route.387265078.vpc_peering_connection_id": "",
                            "tags.%": "1",
                            "tags.Name": "test_vpc_redash_route_table",
                            "vpc_id": "vpc-d75ffeae"
                        },
                        "meta": {},
                        "tainted": false
                    },
                    "deposed": [],
                    "provider": ""
                },
                "aws_route_table_association.test_redash_route_table_association.0": {
                    "type": "aws_route_table_association",
                    "depends_on": [
                        "aws_route_table.test_redash",
                        "aws_subnet.test_redash"
                    ],
                    "primary": {
                        "id": "rtbassoc-229ad559",
                        "attributes": {
                            "id": "rtbassoc-229ad559",
                            "route_table_id": "rtb-2c513254",
                            "subnet_id": "subnet-a7dd79fd"
                        },
                        "meta": {},
                        "tainted": false
                    },
                    "deposed": [],
                    "provider": ""
                },
                "aws_route_table_association.test_redash_route_table_association.1": {
                    "type": "aws_route_table_association",
                    "depends_on": [
                        "aws_route_table.test_redash",
                        "aws_subnet.test_redash"
                    ],
                    "primary": {
                        "id": "rtbassoc-a49fd0df",
                        "attributes": {
                            "id": "rtbassoc-a49fd0df",
                            "route_table_id": "rtb-2c513254",
                            "subnet_id": "subnet-ea34348f"
                        },
                        "meta": {},
                        "tainted": false
                    },
                    "deposed": [],
                    "provider": ""
                },
                "aws_security_group.test_redash": {
                    "type": "aws_security_group",
                    "depends_on": [
                        "aws_vpc.main"
                    ],
                    "primary": {
                        "id": "sg-b028c6c1",
                        "attributes": {
                            "description": "allows access to redash servers",
                            "egress.#": "1",
                            "egress.482069346.cidr_blocks.#": "1",
                            "egress.482069346.cidr_blocks.0": "0.0.0.0/0",
                            "egress.482069346.from_port": "0",
                            "egress.482069346.prefix_list_ids.#": "0",
                            "egress.482069346.protocol": "-1",
                            "egress.482069346.security_groups.#": "0",
                            "egress.482069346.self": "false",
                            "egress.482069346.to_port": "0",
                            "id": "sg-b028c6c1",
                            "ingress.#": "1",
                            "ingress.2541437006.cidr_blocks.#": "1",
                            "ingress.2541437006.cidr_blocks.0": "0.0.0.0/0",
                            "ingress.2541437006.from_port": "22",
                            "ingress.2541437006.protocol": "tcp",
                            "ingress.2541437006.security_groups.#": "0",
                            "ingress.2541437006.self": "false",
                            "ingress.2541437006.to_port": "22",
                            "name": "test_redash_sg",
                            "owner_id": "676612114792",
                            "tags.%": "0",
                            "vpc_id": "vpc-d75ffeae"
                        },
                        "meta": {},
                        "tainted": false
                    },
                    "deposed": [],
                    "provider": ""
                },
                "aws_subnet.test_redash.0": {
                    "type": "aws_subnet",
                    "depends_on": [
                        "aws_vpc.main",
                        "aws_vpc.main",
                        "data.aws_availability_zones.available"
                    ],
                    "primary": {
                        "id": "subnet-a7dd79fd",
                        "attributes": {
                            "availability_zone": "us-east-1a",
                            "cidr_block": "10.0.0.0/24",
                            "id": "subnet-a7dd79fd",
                            "map_public_ip_on_launch": "true",
                            "tags.%": "1",
                            "tags.Name": "test_vpc_redash_subnet_us-east-1a",
                            "vpc_id": "vpc-d75ffeae"
                        },
                        "meta": {},
                        "tainted": false
                    },
                    "deposed": [],
                    "provider": ""
                },
                "aws_subnet.test_redash.1": {
                    "type": "aws_subnet",
                    "depends_on": [
                        "aws_vpc.main",
                        "aws_vpc.main",
                        "data.aws_availability_zones.available"
                    ],
                    "primary": {
                        "id": "subnet-ea34348f",
                        "attributes": {
                            "availability_zone": "us-east-1b",
                            "cidr_block": "10.0.1.0/24",
                            "id": "subnet-ea34348f",
                            "map_public_ip_on_launch": "true",
                            "tags.%": "1",
                            "tags.Name": "test_vpc_redash_subnet_us-east-1b",
                            "vpc_id": "vpc-d75ffeae"
                        },
                        "meta": {},
                        "tainted": false
                    },
                    "deposed": [],
                    "provider": ""
                },
                "aws_vpc.main": {
                    "type": "aws_vpc",
                    "depends_on": [],
                    "primary": {
                        "id": "vpc-d75ffeae",
                        "attributes": {
                            "cidr_block": "10.0.0.0/16",
                            "default_network_acl_id": "acl-ee357897",
                            "default_route_table_id": "rtb-5457342c",
                            "default_security_group_id": "sg-bd27c9cc",
                            "dhcp_options_id": "dopt-819e8ee3",
                            "enable_classiclink": "false",
                            "enable_dns_hostnames": "true",
                            "enable_dns_support": "true",
                            "id": "vpc-d75ffeae",
                            "instance_tenancy": "default",
                            "main_route_table_id": "rtb-5457342c",
                            "tags.%": "1",
                            "tags.Name": "test_vpc_redash"
                        },
                        "meta": {},
                        "tainted": false
                    },
                    "deposed": [],
                    "provider": ""
                },
                "data.aws_ami.ubuntu": {
                    "type": "aws_ami",
                    "depends_on": [],
                    "primary": {
                        "id": "ami-2757f631",
                        "attributes": {
                            "architecture": "x86_64",
                            "block_device_mappings.#": "3",
                            "block_device_mappings.1634610537.device_name": "/dev/sdb",
                            "block_device_mappings.1634610537.ebs.%": "0",
                            "block_device_mappings.1634610537.no_device": "",
                            "block_device_mappings.1634610537.virtual_name": "ephemeral0",
                            "block_device_mappings.2547816212.device_name": "/dev/sda1",
                            "block_device_mappings.2547816212.ebs.%": "6",
                            "block_device_mappings.2547816212.ebs.delete_on_termination": "true",
                            "block_device_mappings.2547816212.ebs.encrypted": "false",
                            "block_device_mappings.2547816212.ebs.iops": "0",
                            "block_device_mappings.2547816212.ebs.snapshot_id": "snap-0a439b07227e96333",
                            "block_device_mappings.2547816212.ebs.volume_size": "8",
                            "block_device_mappings.2547816212.ebs.volume_type": "gp2",
                            "block_device_mappings.2547816212.no_device": "",
                            "block_device_mappings.2547816212.virtual_name": "",
                            "block_device_mappings.3850042718.device_name": "/dev/sdc",
                            "block_device_mappings.3850042718.ebs.%": "0",
                            "block_device_mappings.3850042718.no_device": "",
                            "block_device_mappings.3850042718.virtual_name": "ephemeral1",
                            "creation_date": "2017-03-08T17:57:15.000Z",
                            "filter.#": "1",
                            "filter.1713369084.name": "image-id",
                            "filter.1713369084.values.#": "1",
                            "filter.1713369084.values.0": "ami-2757f631",
                            "hypervisor": "xen",
                            "id": "ami-2757f631",
                            "image_id": "ami-2757f631",
                            "image_location": "099720109477/ubuntu/images/hvm-ssd/ubuntu-xenial-16.04-amd64-server-20170307",
                            "image_type": "machine",
                            "most_recent": "false",
                            "name": "ubuntu/images/hvm-ssd/ubuntu-xenial-16.04-amd64-server-20170307",
                            "owner_id": "099720109477",
                            "owners.#": "1",
                            "owners.0": "099720109477",
                            "product_codes.#": "0",
                            "public": "true",
                            "root_device_name": "/dev/sda1",
                            "root_device_type": "ebs",
                            "sriov_net_support": "simple",
                            "state": "available",
                            "state_reason.%": "2",
                            "state_reason.code": "UNSET",
                            "state_reason.message": "UNSET",
                            "tags.#": "0",
                            "virtualization_type": "hvm"
                        },
                        "meta": {},
                        "tainted": false
                    },
                    "deposed": [],
                    "provider": ""
                },
                "data.aws_availability_zones.available": {
                    "type": "aws_availability_zones",
                    "depends_on": [],
                    "primary": {
                        "id": "2017-06-12 20:37:53.671080272 +0000 UTC",
                        "attributes": {
                            "id": "2017-06-12 20:37:53.671080272 +0000 UTC",
                            "names.#": "5",
                            "names.0": "us-east-1a",
                            "names.1": "us-east-1b",
                            "names.2": "us-east-1c",
                            "names.3": "us-east-1d",
                            "names.4": "us-east-1e"
                        },
                        "meta": {},
                        "tainted": false
                    },
                    "deposed": [],
                    "provider": ""
                }
            },
            "depends_on": []
        }
    ]
}
